
Microsoft Visual Studio Solution File, Format Version 12.00
# Visual Studio Version 17
VisualStudioVersion = 17.2.32519.379
MinimumVisualStudioVersion = 10.0.40219.1
Project("{9A19103F-16F7-4668-BE54-9A1E7A4F7556}") = "Los Pollos Hermanos", "Los Pollos Hermanos\Los Pollos Hermanos.csproj", "{5FF72871-7BED-48B3-84CE-2F30FF74DE8D}"
EndProject
Project("{FAE04EC0-301F-11D3-BF4B-00C04F79EFBC}") = "LPHermanosTest.Integration", "LPHermanosTest.Integration\LPHermanosTest.Integration.csproj", "{511AEAD8-D912-4D4A-9E56-CB5618235B33}"
EndProject
Global
	GlobalSection(SolutionConfigurationPlatforms) = preSolution
		Debug|Any CPU = Debug|Any CPU
		Release|Any CPU = Release|Any CPU
	EndGlobalSection
	GlobalSection(ProjectConfigurationPlatforms) = postSolution
		{5FF72871-7BED-48B3-84CE-2F30FF74DE8D}.Debug|Any CPU.ActiveCfg = Debug|Any CPU
		{5FF72871-7BED-48B3-84CE-2F30FF74DE8D}.Debug|Any CPU.Build.0 = Debug|Any CPU
		{5FF72871-7BED-48B3-84CE-2F30FF74DE8D}.Release|Any CPU.ActiveCfg = Release|Any CPU
		{5FF72871-7BED-48B3-84CE-2F30FF74DE8D}.Release|Any CPU.Build.0 = Release|Any CPU
		{511AEAD8-D912-4D4A-9E56-CB5618235B33}.Debug|Any CPU.ActiveCfg = Debug|Any CPU
		{511AEAD8-D912-4D4A-9E56-CB5618235B33}.Debug|Any CPU.Build.0 = Debug|Any CPU
		{511AEAD8-D912-4D4A-9E56-CB5618235B33}.Release|Any CPU.ActiveCfg = Release|Any CPU
		{511AEAD8-D912-4D4A-9E56-CB5618235B33}.Release|Any CPU.Build.0 = Release|Any CPU
	EndGlobalSection
	GlobalSection(SolutionProperties) = preSolution
		HideSolutionNode = FALSE
	EndGlobalSection
	GlobalSection(ExtensibilityGlobals) = postSolution
		SolutionGuid = {627DB397-FCB0-4929-9462-0DE0E95AF367}
	EndGlobalSection
EndGlobal
